
Microsoft Visual Studio Solution File, Format Version 12.00
# Visual Studio 15
VisualStudioVersion = 15.0.27703.2035
MinimumVisualStudioVersion = 10.0.40219.1
Project("{8BC9CEB8-8B4A-11D0-8D11-00A0C91BC942}") = "primerlication", "primerlication\primerlication.vcxproj", "{977D2C55-A63D-43ED-A6F4-2C7AF2B89FBC}"
EndProject
Global
	GlobalSection(SolutionConfigurationPlatforms) = preSolution
		Debug|x64 = Debug|x64
		Debug|x86 = Debug|x86
		Release|x64 = Release|x64
		Release|x86 = Release|x86
	EndGlobalSection
	GlobalSection(ProjectConfigurationPlatforms) = postSolution
		{977D2C55-A63D-43ED-A6F4-2C7AF2B89FBC}.Debug|x64.ActiveCfg = Debug|x64
		{977D2C55-A63D-43ED-A6F4-2C7AF2B89FBC}.Debug|x64.Build.0 = Debug|x64
		{977D2C55-A63D-43ED-A6F4-2C7AF2B89FBC}.Debug|x86.ActiveCfg = Debug|Win32
		{977D2C55-A63D-43ED-A6F4-2C7AF2B89FBC}.Debug|x86.Build.0 = Debug|Win32
		{977D2C55-A63D-43ED-A6F4-2C7AF2B89FBC}.Release|x64.ActiveCfg = Release|x64
		{977D2C55-A63D-43ED-A6F4-2C7AF2B89FBC}.Release|x64.Build.0 = Release|x64
		{977D2C55-A63D-43ED-A6F4-2C7AF2B89FBC}.Release|x86.ActiveCfg = Release|Win32
		{977D2C55-A63D-43ED-A6F4-2C7AF2B89FBC}.Release|x86.Build.0 = Release|Win32
	EndGlobalSection
	GlobalSection(SolutionProperties) = preSolution
		HideSolutionNode = FALSE
	EndGlobalSection
	GlobalSection(ExtensibilityGlobals) = postSolution
		SolutionGuid = {18B7C743-0F10-4CC3-99BA-314FDC901A71}
	EndGlobalSection
EndGlobal
